
Microsoft Visual Studio Solution File, Format Version 11.00
# Visual Studio 2010
Project("{FAE04EC0-301F-11D3-BF4B-00C04F79EFBC}") = "Server.Auth", "Server.Auth.csproj", "{3908B970-5D2C-4BA5-8E53-EB36426E584A}"
EndProject
Global
	GlobalSection(SolutionConfigurationPlatforms) = preSolution
		Debug|Any CPU = Debug|Any CPU
		Release|Any CPU = Release|Any CPU
	EndGlobalSection
	GlobalSection(ProjectConfigurationPlatforms) = postSolution
		{3908B970-5D2C-4BA5-8E53-EB36426E584A}.Debug|Any CPU.ActiveCfg = Debug|Any CPU
		{3908B970-5D2C-4BA5-8E53-EB36426E584A}.Debug|Any CPU.Build.0 = Debug|Any CPU
		{3908B970-5D2C-4BA5-8E53-EB36426E584A}.Release|Any CPU.ActiveCfg = Release|Any CPU
		{3908B970-5D2C-4BA5-8E53-EB36426E584A}.Release|Any CPU.Build.0 = Release|Any CPU
	EndGlobalSection
	GlobalSection(SolutionProperties) = preSolution
		HideSolutionNode = FALSE
	EndGlobalSection
EndGlobal
